
Microsoft Visual Studio Solution File, Format Version 12.00
Project("{FAE04EC0-301F-11D3-BF4B-00C04F79EFBC}") = "ToDoList", "ToDoList\ToDoList.csproj", "{07582BAB-648B-484D-A732-12526F40E29C}"
EndProject
Project("{2150E333-8FDC-42A3-9474-1A3956D46DE8}") = "DAL", "DAL", "{775B5591-7F12-48AA-A5E9-3ECE803668DC}"
EndProject
Project("{FAE04EC0-301F-11D3-BF4B-00C04F79EFBC}") = "ToDoList.DAL", "ToDoList.DAL\ToDoList.DAL.csproj", "{4EC31540-228D-44A8-89E7-04367EAB027A}"
EndProject
Project("{2150E333-8FDC-42A3-9474-1A3956D46DE8}") = "Services", "Services", "{3254814D-213E-4484-A489-9B86964AD7EC}"
EndProject
Project("{FAE04EC0-301F-11D3-BF4B-00C04F79EFBC}") = "ToDoList.Services", "ToDoList.Services\ToDoList.Services.csproj", "{3401CCD4-14DE-4F61-83BC-4B765170145F}"
EndProject
Project("{2150E333-8FDC-42A3-9474-1A3956D46DE8}") = "Entities", "Entities", "{C82A10DB-C93C-4B05-BD12-65B888C1EB90}"
EndProject
Project("{FAE04EC0-301F-11D3-BF4B-00C04F79EFBC}") = "ToDoList.Entities", "ToDoList.Entities\ToDoList.Entities.csproj", "{73D7A91F-9840-4597-ABF5-B64CF85C4CB3}"
EndProject
Global
	GlobalSection(SolutionConfigurationPlatforms) = preSolution
		Debug|Any CPU = Debug|Any CPU
		Release|Any CPU = Release|Any CPU
	EndGlobalSection
	GlobalSection(ProjectConfigurationPlatforms) = postSolution
		{07582BAB-648B-484D-A732-12526F40E29C}.Debug|Any CPU.ActiveCfg = Debug|Any CPU
		{07582BAB-648B-484D-A732-12526F40E29C}.Debug|Any CPU.Build.0 = Debug|Any CPU
		{07582BAB-648B-484D-A732-12526F40E29C}.Release|Any CPU.ActiveCfg = Release|Any CPU
		{07582BAB-648B-484D-A732-12526F40E29C}.Release|Any CPU.Build.0 = Release|Any CPU
		{4EC31540-228D-44A8-89E7-04367EAB027A}.Debug|Any CPU.ActiveCfg = Debug|Any CPU
		{4EC31540-228D-44A8-89E7-04367EAB027A}.Debug|Any CPU.Build.0 = Debug|Any CPU
		{4EC31540-228D-44A8-89E7-04367EAB027A}.Release|Any CPU.ActiveCfg = Release|Any CPU
		{4EC31540-228D-44A8-89E7-04367EAB027A}.Release|Any CPU.Build.0 = Release|Any CPU
		{3401CCD4-14DE-4F61-83BC-4B765170145F}.Debug|Any CPU.ActiveCfg = Debug|Any CPU
		{3401CCD4-14DE-4F61-83BC-4B765170145F}.Debug|Any CPU.Build.0 = Debug|Any CPU
		{3401CCD4-14DE-4F61-83BC-4B765170145F}.Release|Any CPU.ActiveCfg = Release|Any CPU
		{3401CCD4-14DE-4F61-83BC-4B765170145F}.Release|Any CPU.Build.0 = Release|Any CPU
		{73D7A91F-9840-4597-ABF5-B64CF85C4CB3}.Debug|Any CPU.ActiveCfg = Debug|Any CPU
		{73D7A91F-9840-4597-ABF5-B64CF85C4CB3}.Debug|Any CPU.Build.0 = Debug|Any CPU
		{73D7A91F-9840-4597-ABF5-B64CF85C4CB3}.Release|Any CPU.ActiveCfg = Release|Any CPU
		{73D7A91F-9840-4597-ABF5-B64CF85C4CB3}.Release|Any CPU.Build.0 = Release|Any CPU
	EndGlobalSection
	GlobalSection(NestedProjects) = preSolution
		{4EC31540-228D-44A8-89E7-04367EAB027A} = {775B5591-7F12-48AA-A5E9-3ECE803668DC}
		{3401CCD4-14DE-4F61-83BC-4B765170145F} = {3254814D-213E-4484-A489-9B86964AD7EC}
		{73D7A91F-9840-4597-ABF5-B64CF85C4CB3} = {C82A10DB-C93C-4B05-BD12-65B888C1EB90}
	EndGlobalSection
EndGlobal
